github.com/drgo/core v0.0.0-20180919052606-b9476d56599c h1:EcVfvrP32EfF3wioAS3tWDY/K4zk+Qwxq1UCblOUU50=
github.com/drgo/core v0.0.0-20180919052606-b9476d56599c/go.mod h1:ZcL6w1MAFquH8Vw6JiTIVbRlNBYvmI8bJwTMQBSmDSA=
github.com/drgo/core v0.0.0-20190303224427-eea2c23410b9 h1:GrdCYzXtBj9uHoilmtTChon1xfeOaWvuG7NLP/Jattc=
github.com/drgo/core v0.0.0-20190303224427-eea2c23410b9/go.mod h1:ZcL6w1MAFquH8Vw6JiTIVbRlNBYvmI8bJwTMQBSmDSA=
github.com/drgo/mdson v0.0.0-20180927155320-d0b19378f9c0 h1:iRz8X7/jNFv41OlJvoJG5yzfy0+w3Dbf/of3k+5yaxI=
github.com/drgo/mdson v0.0.0-20180927155320-d0b19378f9c0/go.mod h1:yuCtWAn8il4BMiheu4ylzse2z9omSfqzfu5bnGbiqLw=
